
Microsoft Visual Studio Solution File, Format Version 12.00
# Visual Studio Version 16
VisualStudioVersion = 16.0.33529.622
MinimumVisualStudioVersion = 10.0.40219.1
Project("{FAE04EC0-301F-11D3-BF4B-00C04F79EFBC}") = "project kargah 4", "project kargah 4\project kargah 4.csproj", "{DC6129C8-C8D4-44B2-86FD-9CA650D61B5D}"
EndProject
Global
	GlobalSection(SolutionConfigurationPlatforms) = preSolution
		Debug|Any CPU = Debug|Any CPU
		Release|Any CPU = Release|Any CPU
	EndGlobalSection
	GlobalSection(ProjectConfigurationPlatforms) = postSolution
		{DC6129C8-C8D4-44B2-86FD-9CA650D61B5D}.Debug|Any CPU.ActiveCfg = Debug|Any CPU
		{DC6129C8-C8D4-44B2-86FD-9CA650D61B5D}.Debug|Any CPU.Build.0 = Debug|Any CPU
		{DC6129C8-C8D4-44B2-86FD-9CA650D61B5D}.Release|Any CPU.ActiveCfg = Release|Any CPU
		{DC6129C8-C8D4-44B2-86FD-9CA650D61B5D}.Release|Any CPU.Build.0 = Release|Any CPU
	EndGlobalSection
	GlobalSection(SolutionProperties) = preSolution
		HideSolutionNode = FALSE
	EndGlobalSection
	GlobalSection(ExtensibilityGlobals) = postSolution
		SolutionGuid = {CC2517D3-D448-484E-89BA-C13344572162}
	EndGlobalSection
EndGlobal
